
Microsoft Visual Studio Solution File, Format Version 12.00
# Visual Studio 15
VisualStudioVersion = 15.0.28307.757
MinimumVisualStudioVersion = 10.0.40219.1
Project("{FAE04EC0-301F-11D3-BF4B-00C04F79EFBC}") = "SqlLogTransactionManagement", "SqlLogTransactionManagement\SqlLogTransactionManagement.csproj", "{D190729D-7ADB-409B-8391-81C55F0902C7}"
EndProject
Global
	GlobalSection(SolutionConfigurationPlatforms) = preSolution
		Debug|Any CPU = Debug|Any CPU
		Release|Any CPU = Release|Any CPU
	EndGlobalSection
	GlobalSection(ProjectConfigurationPlatforms) = postSolution
		{D190729D-7ADB-409B-8391-81C55F0902C7}.Debug|Any CPU.ActiveCfg = Debug|Any CPU
		{D190729D-7ADB-409B-8391-81C55F0902C7}.Debug|Any CPU.Build.0 = Debug|Any CPU
		{D190729D-7ADB-409B-8391-81C55F0902C7}.Release|Any CPU.ActiveCfg = Release|Any CPU
		{D190729D-7ADB-409B-8391-81C55F0902C7}.Release|Any CPU.Build.0 = Release|Any CPU
	EndGlobalSection
	GlobalSection(SolutionProperties) = preSolution
		HideSolutionNode = FALSE
	EndGlobalSection
	GlobalSection(ExtensibilityGlobals) = postSolution
		SolutionGuid = {474FCD12-2EEA-4516-9B29-7DE55BE73BB8}
	EndGlobalSection
EndGlobal
